<?xml version="1.0" encoding="utf-8"?>
<Project ToolsVersion="4.0" xmlns="http://schemas.microsoft.com/developer/msbuild/2003">
  <ItemGroup>
    <ClCompile Include="src\main.cpp" />
    <ClCompile Include="src\Boid.cpp" />
    <ClCompile Include="src\Boids.cpp" />
    <ClCompile Include="src\camera.cpp" />
    <ClCompile Include="src\Light.cpp" />
    <ClCompile Include="src\Material.cpp" />
    <ClCompile Include="src\maths_funcs.cpp" />
    <ClCompile Include="src\Model.cpp" />
    <ClCompile Include="src\Player.cpp" />
    <ClCompile Include="src\Shader.cpp" />
    <ClCompile Include="src\Skybox.cpp" />
  </ItemGroup>
  <ItemGroup>
    <Image Include="src\textures\bin_texture.jpg" />
    <Image Include="src\textures\brick texture.jpg" />
    <Image Include="src\textures\road.jpg" />
    <Image Include="src\textures\windows.jpg" />
    <Image Include="src\textures\cobblestone road.jpg" />
    <Image Include="src\textures\spire.jpg" />
    <Image Include="src\textures\skybox textures\top.png" />
    <Image Include="src\textures\skybox textures\f" />
    <Image Include="src\textures\skybox textures\back.jpg" />
    <Image Include="src\textures\skybox textures\bottom.jpg" />
    <Image Include="src\textures\skybox textures\front.jpg" />
    <Image Include="src\textures\skybox textures\left.jpg" />
    <Image Include="src\textures\skybox textures\right.jpg" />
    <Image Include="src\textures\skybox textures\top.jpg" />
  </ItemGroup>
  <ItemGroup>
    <None Include="src\shaders\dronesFragShader.frag" />
    <None Include="src\assets\O%27Connell%27s street - triangulated.dae" />
    <None Include="src\assets\Sphere.dae" />
    <None Include="src\shaders\lightVertexShader.vert" />
    <None Include="src\shaders\lightFragShader.frag" />
    <None Include="src\assets\O%27Connell%27s street - Building 1 Textured.dae" />
    <None Include="src\assets\O%27Connell%27s street - Building 1 Textured (2).dae" />
    <None Include="src\assets\O%27Connell%27s street - 6.dae" />
    <None Include="src\assets\Droid.dae" />
    <None Include="src\assets\Droid top.dae" />
    <None Include="src\shaders\skyboxVertexShader.vert" />
    <None Include="src\shaders\skyboxFragmentShader.frag" />
  </ItemGroup>
  <ItemGroup>
    <Text Include="src\shaders\worldFragShader.frag" />
    <Text Include="src\shaders\worldVertexShader.vert" />
  </ItemGroup>
  <ItemGroup>
    <ClInclude Include="src\include\boid.h" />
    <ClInclude Include="src\include\boids.h" />
    <ClInclude Include="src\include\camera.h" />
    <ClInclude Include="src\include\light.h" />
    <ClInclude Include="src\include\material.h" />
    <ClInclude Include="src\include\maths_funcs.h" />
    <ClInclude Include="src\include\model.h" />
    <ClInclude Include="src\include\player.h" />
    <ClInclude Include="src\include\shader.h" />
    <ClInclude Include="src\include\stb_image.h" />
    <ClInclude Include="src\include\Irrklang\irrKlang.h" />
    <ClInclude Include="src\include\Irrklang\ik_ESoundEngineOptions.h" />
    <ClInclude Include="src\include\Irrklang\ik_ESoundOutputDrivers.h" />
    <ClInclude Include="src\include\Irrklang\ik_EStreamModes.h" />
    <ClInclude Include="src\include\Irrklang\ik_IAudioRecorder.h" />
    <ClInclude Include="src\include\Irrklang\ik_IAudioStream.h" />
    <ClInclude Include="src\include\Irrklang\ik_IAudioStreamLoader.h" />
    <ClInclude Include="src\include\Irrklang\ik_IFileFactory.h" />
    <ClInclude Include="src\include\Irrklang\ik_IFileReader.h" />
    <ClInclude Include="src\include\Irrklang\ik_IRefCounted.h" />
    <ClInclude Include="src\include\Irrklang\ik_irrKlangTypes.h" />
    <ClInclude Include="src\include\Irrklang\ik_ISound.h" />
    <ClInclude Include="src\include\Irrklang\ik_ISoundDeviceList.h" />
    <ClInclude Include="src\include\Irrklang\ik_ISoundEffectControl.h" />
    <ClInclude Include="src\include\Irrklang\ik_ISoundEngine.h" />
    <ClInclude Include="src\include\Irrklang\ik_ISoundMixedOutputReceiver.h" />
    <ClInclude Include="src\include\Irrklang\ik_ISoundSource.h" />
    <ClInclude Include="src\include\Irrklang\ik_ISoundStopEventReceiver.h" />
    <ClInclude Include="src\include\Irrklang\ik_IVirtualRefCounted.h" />
    <ClInclude Include="src\include\Irrklang\ik_SAudioStreamFormat.h" />
    <ClInclude Include="src\include\Irrklang\ik_vec3d.h" />
    <ClInclude Include="src\include\Skybox.h" />
  </ItemGroup>
  <ItemGroup>
    <Media Include="src\mp3s\Siren.mp3" />
  </ItemGroup>
</Project>